// !$*UTF8*$!
{
	archiveVersion = 1;
	classes = {
	};
	objectVersion = 55;
	objects = {

/* Begin PBXBuildFile section */
		7212E9C128FD590200AA6C00 /* ColorPreviewView.swift in Sources */ = {isa = PBXBuildFile; fileRef = 7212E9C028FD590200AA6C00 /* ColorPreviewView.swift */; };
		7212E9C328FD679C00AA6C00 /* ColorsView.swift in Sources */ = {isa = PBXBuildFile; fileRef = 7212E9C228FD679C00AA6C00 /* ColorsView.swift */; };
		7212E9C628FD69DA00AA6C00 /* ColorCell.swift in Sources */ = {isa = PBXBuildFile; fileRef = 7212E9C528FD69DA00AA6C00 /* ColorCell.swift */; };
		7212E9C828FD69E900AA6C00 /* AddColorCell.swift in Sources */ = {isa = PBXBuildFile; fileRef = 7212E9C728FD69E900AA6C00 /* AddColorCell.swift */; };
		7212E9CA28FD924300AA6C00 /* UICollectionViewExtensions.swift in Sources */ = {isa = PBXBuildFile; fileRef = 7212E9C928FD924300AA6C00 /* UICollectionViewExtensions.swift */; };
		7212E9CC28FDEB0C00AA6C00 /* ColorsDataSource.swift in Sources */ = {isa = PBXBuildFile; fileRef = 7212E9CB28FDEB0C00AA6C00 /* ColorsDataSource.swift */; };
		7212E9F528FEDA7200AA6C00 /* ColorPickerHeaderView.swift in Sources */ = {isa = PBXBuildFile; fileRef = 7212E9F428FEDA7200AA6C00 /* ColorPickerHeaderView.swift */; };
		7212E9F728FF017300AA6C00 /* ColorSliderTrackView.swift in Sources */ = {isa = PBXBuildFile; fileRef = 7212E9F628FF017300AA6C00 /* ColorSliderTrackView.swift */; };
		7212E9F928FF44A200AA6C00 /* HSBColor.swift in Sources */ = {isa = PBXBuildFile; fileRef = 7212E9F828FF44A200AA6C00 /* HSBColor.swift */; };
		7212E9FB28FF536B00AA6C00 /* ColorCodeView.swift in Sources */ = {isa = PBXBuildFile; fileRef = 7212E9FA28FF536B00AA6C00 /* ColorCodeView.swift */; };
		7212E9FD28FF5D1E00AA6C00 /* ComparableExtensions.swift in Sources */ = {isa = PBXBuildFile; fileRef = 7212E9FC28FF5D1E00AA6C00 /* ComparableExtensions.swift */; };
		72C42C8B29000FD200823835 /* RGBColor.swift in Sources */ = {isa = PBXBuildFile; fileRef = 72C42C8A29000FD200823835 /* RGBColor.swift */; };
		72C42C8E2900107200823835 /* UIColorExtensions.swift in Sources */ = {isa = PBXBuildFile; fileRef = 72C42C8D2900107200823835 /* UIColorExtensions.swift */; };
		72C42C90290015AC00823835 /* ColorSliderModel.swift in Sources */ = {isa = PBXBuildFile; fileRef = 72C42C8F290015AC00823835 /* ColorSliderModel.swift */; };
		72C42C9329002EB200823835 /* CGPointExtensions.swift in Sources */ = {isa = PBXBuildFile; fileRef = 72C42C9229002EB200823835 /* CGPointExtensions.swift */; };
		72C42C9529002EBA00823835 /* CGSizeExtensions.swift in Sources */ = {isa = PBXBuildFile; fileRef = 72C42C9429002EBA00823835 /* CGSizeExtensions.swift */; };
		72C42C972900540000823835 /* ColorSliderView.swift in Sources */ = {isa = PBXBuildFile; fileRef = 72C42C962900540000823835 /* ColorSliderView.swift */; };
		72C42C992901457F00823835 /* ColorSliderTextField.swift in Sources */ = {isa = PBXBuildFile; fileRef = 72C42C982901457F00823835 /* ColorSliderTextField.swift */; };
		72C42C9B2901468700823835 /* ColorSliderTextFieldModel.swift in Sources */ = {isa = PBXBuildFile; fileRef = 72C42C9A2901468700823835 /* ColorSliderTextFieldModel.swift */; };
		72C42CA0290147FA00823835 /* ColorSliderInputModel.swift in Sources */ = {isa = PBXBuildFile; fileRef = 72C42C9F290147FA00823835 /* ColorSliderInputModel.swift */; };
		72C42CA2290149B400823835 /* Progress.swift in Sources */ = {isa = PBXBuildFile; fileRef = 72C42CA1290149B400823835 /* Progress.swift */; };
		72C42CA62901B2F600823835 /* PaddedTextField.swift in Sources */ = {isa = PBXBuildFile; fileRef = 72C42CA52901B2F600823835 /* PaddedTextField.swift */; };
		72C42CA82901B80400823835 /* ColorCodeTextField.swift in Sources */ = {isa = PBXBuildFile; fileRef = 72C42CA72901B80400823835 /* ColorCodeTextField.swift */; };
		72C42CAB2901D90500823835 /* ColorCodeTextFieldModel.swift in Sources */ = {isa = PBXBuildFile; fileRef = 72C42CAA2901D90500823835 /* ColorCodeTextFieldModel.swift */; };
		72C42CB22903032300823835 /* TimingFunctions.swift in Sources */ = {isa = PBXBuildFile; fileRef = 72C42CB12903032300823835 /* TimingFunctions.swift */; };
		72C42CB429034F2900823835 /* ColorGridCursorView.swift in Sources */ = {isa = PBXBuildFile; fileRef = 72C42CB329034F2900823835 /* ColorGridCursorView.swift */; };
		72C42CB629036A7600823835 /* ColorsCircleView.swift in Sources */ = {isa = PBXBuildFile; fileRef = 72C42CB529036A7600823835 /* ColorsCircleView.swift */; };
		72C42CB8290565E500823835 /* EyeDropperColorPickerWindow.swift in Sources */ = {isa = PBXBuildFile; fileRef = 72C42CB7290565E500823835 /* EyeDropperColorPickerWindow.swift */; };
		72C42CBB2905785600823835 /* ColorReticleView.swift in Sources */ = {isa = PBXBuildFile; fileRef = 72C42CBA2905785600823835 /* ColorReticleView.swift */; };
		72C42CBD2905858C00823835 /* UIWindowSceneExtensions.swift in Sources */ = {isa = PBXBuildFile; fileRef = 72C42CBC2905858C00823835 /* UIWindowSceneExtensions.swift */; };
		72C42CBF29058E7200823835 /* UIWindowExtensions.swift in Sources */ = {isa = PBXBuildFile; fileRef = 72C42CBE29058E7200823835 /* UIWindowExtensions.swift */; };
		72C42D202905EE4D00823835 /* ColorReticleStrokeView.swift in Sources */ = {isa = PBXBuildFile; fileRef = 72C42D1F2905EE4D00823835 /* ColorReticleStrokeView.swift */; };
		72C42D242906197B00823835 /* AppWindow.swift in Sources */ = {isa = PBXBuildFile; fileRef = 72C42D232906197B00823835 /* AppWindow.swift */; };
		D73748492909CDF600675C7A /* ToolSizeSlider.swift in Sources */ = {isa = PBXBuildFile; fileRef = D73748482909CDF600675C7A /* ToolSizeSlider.swift */; };
		D7374850290A90C000675C7A /* BottomToolSettingsView.swift in Sources */ = {isa = PBXBuildFile; fileRef = D737484F290A90C000675C7A /* BottomToolSettingsView.swift */; };
		D7374853290A930D00675C7A /* TitleImageButton.swift in Sources */ = {isa = PBXBuildFile; fileRef = D7374852290A930D00675C7A /* TitleImageButton.swift */; };
		D7374855290A93EA00675C7A /* BottomControlsView.swift in Sources */ = {isa = PBXBuildFile; fileRef = D7374854290A93EA00675C7A /* BottomControlsView.swift */; };
		D7374858290A98D500675C7A /* StrokeShape.swift in Sources */ = {isa = PBXBuildFile; fileRef = D7374857290A98D500675C7A /* StrokeShape.swift */; };
		D737485A290A9AAA00675C7A /* Tool.swift in Sources */ = {isa = PBXBuildFile; fileRef = D7374859290A9AAA00675C7A /* Tool.swift */; };
		D737485C290AA6EA00675C7A /* Shape.swift in Sources */ = {isa = PBXBuildFile; fileRef = D737485B290AA6EA00675C7A /* Shape.swift */; };
		D737485E290AE43D00675C7A /* EditingToolsBottomView.swift in Sources */ = {isa = PBXBuildFile; fileRef = D737485D290AE43D00675C7A /* EditingToolsBottomView.swift */; };
		D7389C7328F33C5A00475B7D /* AppDelegate.swift in Sources */ = {isa = PBXBuildFile; fileRef = D7389C7228F33C5A00475B7D /* AppDelegate.swift */; };
		D7389C7C28F33C5C00475B7D /* Assets.xcassets in Resources */ = {isa = PBXBuildFile; fileRef = D7389C7B28F33C5C00475B7D /* Assets.xcassets */; };
		D7389C7F28F33C5C00475B7D /* LaunchScreen.storyboard in Resources */ = {isa = PBXBuildFile; fileRef = D7389C7D28F33C5C00475B7D /* LaunchScreen.storyboard */; };
		D7389C8728F345D100475B7D /* MediaAccessViewController.swift in Sources */ = {isa = PBXBuildFile; fileRef = D7389C8628F345D100475B7D /* MediaAccessViewController.swift */; };
		D7389C8B28F3487800475B7D /* Lottie in Frameworks */ = {isa = PBXBuildFile; productRef = D7389C8A28F3487800475B7D /* Lottie */; };
		D7389C8E28F34BC000475B7D /* duck.json in Resources */ = {isa = PBXBuildFile; fileRef = D7389C8D28F34BC000475B7D /* duck.json */; };
		D7389C9328F35C4B00475B7D /* AppRouter.swift in Sources */ = {isa = PBXBuildFile; fileRef = D7389C9228F35C4B00475B7D /* AppRouter.swift */; };
		D7389C9528F3627B00475B7D /* PhotosViewController.swift in Sources */ = {isa = PBXBuildFile; fileRef = D7389C9428F3627B00475B7D /* PhotosViewController.swift */; };
		D7389CA228F36F9800475B7D /* PhotoCell.swift in Sources */ = {isa = PBXBuildFile; fileRef = D7389CA128F36F9800475B7D /* PhotoCell.swift */; };
		D7389CB428F40CFA00475B7D /* PhotoEditorViewController.swift in Sources */ = {isa = PBXBuildFile; fileRef = D7389CB328F40CFA00475B7D /* PhotoEditorViewController.swift */; };
		D7389CB628F47E7400475B7D /* EditingToolsView.swift in Sources */ = {isa = PBXBuildFile; fileRef = D7389CB528F47E7400475B7D /* EditingToolsView.swift */; };
		D7389CBA28F4AF2E00475B7D /* PenView.swift in Sources */ = {isa = PBXBuildFile; fileRef = D7389CB928F4AF2E00475B7D /* PenView.swift */; };
		D7389CBC28F4AF5E00475B7D /* BrushView.swift in Sources */ = {isa = PBXBuildFile; fileRef = D7389CBB28F4AF5E00475B7D /* BrushView.swift */; };
		D7389CBE28F4AF9A00475B7D /* EraserView.swift in Sources */ = {isa = PBXBuildFile; fileRef = D7389CBD28F4AF9A00475B7D /* EraserView.swift */; };
		D7389CC028F4AFB600475B7D /* PencilView.swift in Sources */ = {isa = PBXBuildFile; fileRef = D7389CBF28F4AFB600475B7D /* PencilView.swift */; };
		D7389CC228F4AFEC00475B7D /* LassoView.swift in Sources */ = {isa = PBXBuildFile; fileRef = D7389CC128F4AFEC00475B7D /* LassoView.swift */; };
		D7389CC428F4B0BA00475B7D /* NeonBrushView.swift in Sources */ = {isa = PBXBuildFile; fileRef = D7389CC328F4B0BA00475B7D /* NeonBrushView.swift */; };
		D7389CD328F5B3FF00475B7D /* NSLayoutConstraintExtensions.swift in Sources */ = {isa = PBXBuildFile; fileRef = D7389CD228F5B3FF00475B7D /* NSLayoutConstraintExtensions.swift */; };
		D7389CDD28F5E9A400475B7D /* DrawingToolsPickerView.swift in Sources */ = {isa = PBXBuildFile; fileRef = D7389CDC28F5E9A400475B7D /* DrawingToolsPickerView.swift */; };
		D75F30EC28F9ECFA0080F208 /* ColorSliderInputView.swift in Sources */ = {isa = PBXBuildFile; fileRef = D75F30EB28F9ECFA0080F208 /* ColorSliderInputView.swift */; };
		D75F30EE28F9ED0C0080F208 /* ColorSliderCursorView.swift in Sources */ = {isa = PBXBuildFile; fileRef = D75F30ED28F9ED0C0080F208 /* ColorSliderCursorView.swift */; };
		D75F30F028FA026E0080F208 /* ColorGridView.swift in Sources */ = {isa = PBXBuildFile; fileRef = D75F30EF28FA026E0080F208 /* ColorGridView.swift */; };
		D75F30F228FA09F20080F208 /* ColorSpectrumView.swift in Sources */ = {isa = PBXBuildFile; fileRef = D75F30F128FA09F20080F208 /* ColorSpectrumView.swift */; };
		D79130F928F72C4F0074A5A0 /* Closure.swift in Sources */ = {isa = PBXBuildFile; fileRef = D79130F828F72C4F0074A5A0 /* Closure.swift */; };
		D79130FC28F733B90074A5A0 /* MenuPopoverViewController.swift in Sources */ = {isa = PBXBuildFile; fileRef = D79130FB28F733B90074A5A0 /* MenuPopoverViewController.swift */; };
		D79130FE28F74EFB0074A5A0 /* MenuPopoverItemView.swift in Sources */ = {isa = PBXBuildFile; fileRef = D79130FD28F74EFB0074A5A0 /* MenuPopoverItemView.swift */; };
		D791310128F7E9380074A5A0 /* ColorPickerViewController.swift in Sources */ = {isa = PBXBuildFile; fileRef = D791310028F7E9380074A5A0 /* ColorPickerViewController.swift */; };
		D791310328F7F85E0074A5A0 /* ColorPickerGridView.swift in Sources */ = {isa = PBXBuildFile; fileRef = D791310228F7F85E0074A5A0 /* ColorPickerGridView.swift */; };
		D791310528F7F94B0074A5A0 /* ColorPickerSpectrumView.swift in Sources */ = {isa = PBXBuildFile; fileRef = D791310428F7F94B0074A5A0 /* ColorPickerSpectrumView.swift */; };
		D791310728F7F9550074A5A0 /* ColorPickerRGBView.swift in Sources */ = {isa = PBXBuildFile; fileRef = D791310628F7F9550074A5A0 /* ColorPickerRGBView.swift */; };
		D791310928F7F9BC0074A5A0 /* ColorPickerOpacityView.swift in Sources */ = {isa = PBXBuildFile; fileRef = D791310828F7F9BC0074A5A0 /* ColorPickerOpacityView.swift */; };
		D791310B28F800A20074A5A0 /* ColorPickerColorsView.swift in Sources */ = {isa = PBXBuildFile; fileRef = D791310A28F800A20074A5A0 /* ColorPickerColorsView.swift */; };
		D791310D28F80C650074A5A0 /* ColorPickerSeparatorView.swift in Sources */ = {isa = PBXBuildFile; fileRef = D791310C28F80C650074A5A0 /* ColorPickerSeparatorView.swift */; };
		D791310F28F80CF90074A5A0 /* UIStackViewExtensions.swift in Sources */ = {isa = PBXBuildFile; fileRef = D791310E28F80CF90074A5A0 /* UIStackViewExtensions.swift */; };
		D7B0C5422906C9E900EBA3ED /* CanvasView.swift in Sources */ = {isa = PBXBuildFile; fileRef = D7B0C5412906C9E900EBA3ED /* CanvasView.swift */; };
		D7B0C5452906D7C900EBA3ED /* Line.swift in Sources */ = {isa = PBXBuildFile; fileRef = D7B0C5442906D7C900EBA3ED /* Line.swift */; };
		D7B0C5472906D85900EBA3ED /* CGRectExtensions.swift in Sources */ = {isa = PBXBuildFile; fileRef = D7B0C5462906D85900EBA3ED /* CGRectExtensions.swift */; };
		D7B0C54B2906EBC700EBA3ED /* ShimmerButton.swift in Sources */ = {isa = PBXBuildFile; fileRef = D7B0C54A2906EBC700EBA3ED /* ShimmerButton.swift */; };
		D7B0C54D2907028300EBA3ED /* UIViewExtensions.swift in Sources */ = {isa = PBXBuildFile; fileRef = D7B0C54C2907028300EBA3ED /* UIViewExtensions.swift */; };
		D7B0C55029070F6200EBA3ED /* PhotoZoomTransition.swift in Sources */ = {isa = PBXBuildFile; fileRef = D7B0C54F29070F6200EBA3ED /* PhotoZoomTransition.swift */; };
		D7B0C55829071E2000EBA3ED /* PhotoZoomInAnimation.swift in Sources */ = {isa = PBXBuildFile; fileRef = D7B0C55729071E2000EBA3ED /* PhotoZoomInAnimation.swift */; };
		D7B0C55A29071E2900EBA3ED /* PhotoZoomOutAnimation.swift in Sources */ = {isa = PBXBuildFile; fileRef = D7B0C55929071E2900EBA3ED /* PhotoZoomOutAnimation.swift */; };
/* End PBXBuildFile section */

/* Begin PBXFileReference section */
		7212E9C028FD590200AA6C00 /* ColorPreviewView.swift */ = {isa = PBXFileReference; lastKnownFileType = sourcecode.swift; path = ColorPreviewView.swift; sourceTree = "<group>"; };
		7212E9C228FD679C00AA6C00 /* ColorsView.swift */ = {isa = PBXFileReference; lastKnownFileType = sourcecode.swift; path = ColorsView.swift; sourceTree = "<group>"; };
		7212E9C528FD69DA00AA6C00 /* ColorCell.swift */ = {isa = PBXFileReference; lastKnownFileType = sourcecode.swift; path = ColorCell.swift; sourceTree = "<group>"; };
		7212E9C728FD69E900AA6C00 /* AddColorCell.swift */ = {isa = PBXFileReference; lastKnownFileType = sourcecode.swift; path = AddColorCell.swift; sourceTree = "<group>"; };
		7212E9C928FD924300AA6C00 /* UICollectionViewExtensions.swift */ = {isa = PBXFileReference; lastKnownFileType = sourcecode.swift; path = UICollectionViewExtensions.swift; sourceTree = "<group>"; };
		7212E9CB28FDEB0C00AA6C00 /* ColorsDataSource.swift */ = {isa = PBXFileReference; lastKnownFileType = sourcecode.swift; path = ColorsDataSource.swift; sourceTree = "<group>"; };
		7212E9F428FEDA7200AA6C00 /* ColorPickerHeaderView.swift */ = {isa = PBXFileReference; lastKnownFileType = sourcecode.swift; path = ColorPickerHeaderView.swift; sourceTree = "<group>"; };
		7212E9F628FF017300AA6C00 /* ColorSliderTrackView.swift */ = {isa = PBXFileReference; lastKnownFileType = sourcecode.swift; path = ColorSliderTrackView.swift; sourceTree = "<group>"; };
		7212E9F828FF44A200AA6C00 /* HSBColor.swift */ = {isa = PBXFileReference; lastKnownFileType = sourcecode.swift; path = HSBColor.swift; sourceTree = "<group>"; };
		7212E9FA28FF536B00AA6C00 /* ColorCodeView.swift */ = {isa = PBXFileReference; lastKnownFileType = sourcecode.swift; path = ColorCodeView.swift; sourceTree = "<group>"; };
		7212E9FC28FF5D1E00AA6C00 /* ComparableExtensions.swift */ = {isa = PBXFileReference; lastKnownFileType = sourcecode.swift; path = ComparableExtensions.swift; sourceTree = "<group>"; };
		72C42C8A29000FD200823835 /* RGBColor.swift */ = {isa = PBXFileReference; lastKnownFileType = sourcecode.swift; path = RGBColor.swift; sourceTree = "<group>"; };
		72C42C8D2900107200823835 /* UIColorExtensions.swift */ = {isa = PBXFileReference; lastKnownFileType = sourcecode.swift; path = UIColorExtensions.swift; sourceTree = "<group>"; };
		72C42C8F290015AC00823835 /* ColorSliderModel.swift */ = {isa = PBXFileReference; lastKnownFileType = sourcecode.swift; path = ColorSliderModel.swift; sourceTree = "<group>"; };
		72C42C9229002EB200823835 /* CGPointExtensions.swift */ = {isa = PBXFileReference; lastKnownFileType = sourcecode.swift; path = CGPointExtensions.swift; sourceTree = "<group>"; };
		72C42C9429002EBA00823835 /* CGSizeExtensions.swift */ = {isa = PBXFileReference; lastKnownFileType = sourcecode.swift; path = CGSizeExtensions.swift; sourceTree = "<group>"; };
		72C42C962900540000823835 /* ColorSliderView.swift */ = {isa = PBXFileReference; lastKnownFileType = sourcecode.swift; path = ColorSliderView.swift; sourceTree = "<group>"; };
		72C42C982901457F00823835 /* ColorSliderTextField.swift */ = {isa = PBXFileReference; lastKnownFileType = sourcecode.swift; path = ColorSliderTextField.swift; sourceTree = "<group>"; };
		72C42C9A2901468700823835 /* ColorSliderTextFieldModel.swift */ = {isa = PBXFileReference; lastKnownFileType = sourcecode.swift; path = ColorSliderTextFieldModel.swift; sourceTree = "<group>"; };
		72C42C9F290147FA00823835 /* ColorSliderInputModel.swift */ = {isa = PBXFileReference; lastKnownFileType = sourcecode.swift; path = ColorSliderInputModel.swift; sourceTree = "<group>"; };
		72C42CA1290149B400823835 /* Progress.swift */ = {isa = PBXFileReference; lastKnownFileType = sourcecode.swift; path = Progress.swift; sourceTree = "<group>"; };
		72C42CA52901B2F600823835 /* PaddedTextField.swift */ = {isa = PBXFileReference; lastKnownFileType = sourcecode.swift; path = PaddedTextField.swift; sourceTree = "<group>"; };
		72C42CA72901B80400823835 /* ColorCodeTextField.swift */ = {isa = PBXFileReference; lastKnownFileType = sourcecode.swift; path = ColorCodeTextField.swift; sourceTree = "<group>"; };
		72C42CAA2901D90500823835 /* ColorCodeTextFieldModel.swift */ = {isa = PBXFileReference; lastKnownFileType = sourcecode.swift; path = ColorCodeTextFieldModel.swift; sourceTree = "<group>"; };
		72C42CB12903032300823835 /* TimingFunctions.swift */ = {isa = PBXFileReference; lastKnownFileType = sourcecode.swift; path = TimingFunctions.swift; sourceTree = "<group>"; };
		72C42CB329034F2900823835 /* ColorGridCursorView.swift */ = {isa = PBXFileReference; lastKnownFileType = sourcecode.swift; path = ColorGridCursorView.swift; sourceTree = "<group>"; };
		72C42CB529036A7600823835 /* ColorsCircleView.swift */ = {isa = PBXFileReference; lastKnownFileType = sourcecode.swift; path = ColorsCircleView.swift; sourceTree = "<group>"; };
		72C42CB7290565E500823835 /* EyeDropperColorPickerWindow.swift */ = {isa = PBXFileReference; lastKnownFileType = sourcecode.swift; path = EyeDropperColorPickerWindow.swift; sourceTree = "<group>"; };
		72C42CBA2905785600823835 /* ColorReticleView.swift */ = {isa = PBXFileReference; lastKnownFileType = sourcecode.swift; path = ColorReticleView.swift; sourceTree = "<group>"; };
		72C42CBC2905858C00823835 /* UIWindowSceneExtensions.swift */ = {isa = PBXFileReference; lastKnownFileType = sourcecode.swift; path = UIWindowSceneExtensions.swift; sourceTree = "<group>"; };
		72C42CBE29058E7200823835 /* UIWindowExtensions.swift */ = {isa = PBXFileReference; lastKnownFileType = sourcecode.swift; path = UIWindowExtensions.swift; sourceTree = "<group>"; };
		72C42D1F2905EE4D00823835 /* ColorReticleStrokeView.swift */ = {isa = PBXFileReference; lastKnownFileType = sourcecode.swift; path = ColorReticleStrokeView.swift; sourceTree = "<group>"; };
		72C42D232906197B00823835 /* AppWindow.swift */ = {isa = PBXFileReference; lastKnownFileType = sourcecode.swift; path = AppWindow.swift; sourceTree = "<group>"; };
		D73748472909BED900675C7A /* Playground.playground */ = {isa = PBXFileReference; lastKnownFileType = file.playground; path = Playground.playground; sourceTree = "<group>"; xcLanguageSpecificationIdentifier = xcode.lang.swift; };
		D73748482909CDF600675C7A /* ToolSizeSlider.swift */ = {isa = PBXFileReference; lastKnownFileType = sourcecode.swift; path = ToolSizeSlider.swift; sourceTree = "<group>"; };
		D737484F290A90C000675C7A /* BottomToolSettingsView.swift */ = {isa = PBXFileReference; lastKnownFileType = sourcecode.swift; path = BottomToolSettingsView.swift; sourceTree = "<group>"; };
		D7374852290A930D00675C7A /* TitleImageButton.swift */ = {isa = PBXFileReference; lastKnownFileType = sourcecode.swift; path = TitleImageButton.swift; sourceTree = "<group>"; };
		D7374854290A93EA00675C7A /* BottomControlsView.swift */ = {isa = PBXFileReference; lastKnownFileType = sourcecode.swift; path = BottomControlsView.swift; sourceTree = "<group>"; };
		D7374857290A98D500675C7A /* StrokeShape.swift */ = {isa = PBXFileReference; lastKnownFileType = sourcecode.swift; path = StrokeShape.swift; sourceTree = "<group>"; };
		D7374859290A9AAA00675C7A /* Tool.swift */ = {isa = PBXFileReference; lastKnownFileType = sourcecode.swift; path = Tool.swift; sourceTree = "<group>"; };
		D737485B290AA6EA00675C7A /* Shape.swift */ = {isa = PBXFileReference; lastKnownFileType = sourcecode.swift; path = Shape.swift; sourceTree = "<group>"; };
		D737485D290AE43D00675C7A /* EditingToolsBottomView.swift */ = {isa = PBXFileReference; lastKnownFileType = sourcecode.swift; path = EditingToolsBottomView.swift; sourceTree = "<group>"; };
		D7389C6F28F33C5A00475B7D /* TelegramMediaEditor.app */ = {isa = PBXFileReference; explicitFileType = wrapper.application; includeInIndex = 0; path = TelegramMediaEditor.app; sourceTree = BUILT_PRODUCTS_DIR; };
		D7389C7228F33C5A00475B7D /* AppDelegate.swift */ = {isa = PBXFileReference; lastKnownFileType = sourcecode.swift; path = AppDelegate.swift; sourceTree = "<group>"; };
		D7389C7B28F33C5C00475B7D /* Assets.xcassets */ = {isa = PBXFileReference; lastKnownFileType = folder.assetcatalog; path = Assets.xcassets; sourceTree = "<group>"; };
		D7389C7E28F33C5C00475B7D /* Base */ = {isa = PBXFileReference; lastKnownFileType = file.storyboard; name = Base; path = Base.lproj/LaunchScreen.storyboard; sourceTree = "<group>"; };
		D7389C8028F33C5C00475B7D /* Info.plist */ = {isa = PBXFileReference; lastKnownFileType = text.plist.xml; path = Info.plist; sourceTree = "<group>"; };
		D7389C8628F345D100475B7D /* MediaAccessViewController.swift */ = {isa = PBXFileReference; lastKnownFileType = sourcecode.swift; path = MediaAccessViewController.swift; sourceTree = "<group>"; };
		D7389C8D28F34BC000475B7D /* duck.json */ = {isa = PBXFileReference; fileEncoding = 4; lastKnownFileType = text.json; path = duck.json; sourceTree = "<group>"; };
		D7389C9228F35C4B00475B7D /* AppRouter.swift */ = {isa = PBXFileReference; lastKnownFileType = sourcecode.swift; path = AppRouter.swift; sourceTree = "<group>"; };
		D7389C9428F3627B00475B7D /* PhotosViewController.swift */ = {isa = PBXFileReference; lastKnownFileType = sourcecode.swift; path = PhotosViewController.swift; sourceTree = "<group>"; };
		D7389CA128F36F9800475B7D /* PhotoCell.swift */ = {isa = PBXFileReference; lastKnownFileType = sourcecode.swift; path = PhotoCell.swift; sourceTree = "<group>"; };
		D7389CB328F40CFA00475B7D /* PhotoEditorViewController.swift */ = {isa = PBXFileReference; lastKnownFileType = sourcecode.swift; path = PhotoEditorViewController.swift; sourceTree = "<group>"; };
		D7389CB528F47E7400475B7D /* EditingToolsView.swift */ = {isa = PBXFileReference; lastKnownFileType = sourcecode.swift; path = EditingToolsView.swift; sourceTree = "<group>"; };
		D7389CB928F4AF2E00475B7D /* PenView.swift */ = {isa = PBXFileReference; lastKnownFileType = sourcecode.swift; path = PenView.swift; sourceTree = "<group>"; };
		D7389CBB28F4AF5E00475B7D /* BrushView.swift */ = {isa = PBXFileReference; lastKnownFileType = sourcecode.swift; path = BrushView.swift; sourceTree = "<group>"; };
		D7389CBD28F4AF9A00475B7D /* EraserView.swift */ = {isa = PBXFileReference; lastKnownFileType = sourcecode.swift; path = EraserView.swift; sourceTree = "<group>"; };
		D7389CBF28F4AFB600475B7D /* PencilView.swift */ = {isa = PBXFileReference; lastKnownFileType = sourcecode.swift; path = PencilView.swift; sourceTree = "<group>"; };
		D7389CC128F4AFEC00475B7D /* LassoView.swift */ = {isa = PBXFileReference; lastKnownFileType = sourcecode.swift; path = LassoView.swift; sourceTree = "<group>"; };
		D7389CC328F4B0BA00475B7D /* NeonBrushView.swift */ = {isa = PBXFileReference; lastKnownFileType = sourcecode.swift; path = NeonBrushView.swift; sourceTree = "<group>"; };
		D7389CD228F5B3FF00475B7D /* NSLayoutConstraintExtensions.swift */ = {isa = PBXFileReference; lastKnownFileType = sourcecode.swift; path = NSLayoutConstraintExtensions.swift; sourceTree = "<group>"; };
		D7389CDC28F5E9A400475B7D /* DrawingToolsPickerView.swift */ = {isa = PBXFileReference; lastKnownFileType = sourcecode.swift; path = DrawingToolsPickerView.swift; sourceTree = "<group>"; };
		D75F30EB28F9ECFA0080F208 /* ColorSliderInputView.swift */ = {isa = PBXFileReference; lastKnownFileType = sourcecode.swift; path = ColorSliderInputView.swift; sourceTree = "<group>"; };
		D75F30ED28F9ED0C0080F208 /* ColorSliderCursorView.swift */ = {isa = PBXFileReference; lastKnownFileType = sourcecode.swift; path = ColorSliderCursorView.swift; sourceTree = "<group>"; };
		D75F30EF28FA026E0080F208 /* ColorGridView.swift */ = {isa = PBXFileReference; lastKnownFileType = sourcecode.swift; path = ColorGridView.swift; sourceTree = "<group>"; };
		D75F30F128FA09F20080F208 /* ColorSpectrumView.swift */ = {isa = PBXFileReference; lastKnownFileType = sourcecode.swift; path = ColorSpectrumView.swift; sourceTree = "<group>"; };
		D79130F828F72C4F0074A5A0 /* Closure.swift */ = {isa = PBXFileReference; lastKnownFileType = sourcecode.swift; path = Closure.swift; sourceTree = "<group>"; };
		D79130FB28F733B90074A5A0 /* MenuPopoverViewController.swift */ = {isa = PBXFileReference; lastKnownFileType = sourcecode.swift; path = MenuPopoverViewController.swift; sourceTree = "<group>"; };
		D79130FD28F74EFB0074A5A0 /* MenuPopoverItemView.swift */ = {isa = PBXFileReference; lastKnownFileType = sourcecode.swift; path = MenuPopoverItemView.swift; sourceTree = "<group>"; };
		D791310028F7E9380074A5A0 /* ColorPickerViewController.swift */ = {isa = PBXFileReference; lastKnownFileType = sourcecode.swift; path = ColorPickerViewController.swift; sourceTree = "<group>"; };
		D791310228F7F85E0074A5A0 /* ColorPickerGridView.swift */ = {isa = PBXFileReference; lastKnownFileType = sourcecode.swift; path = ColorPickerGridView.swift; sourceTree = "<group>"; };
		D791310428F7F94B0074A5A0 /* ColorPickerSpectrumView.swift */ = {isa = PBXFileReference; lastKnownFileType = sourcecode.swift; path = ColorPickerSpectrumView.swift; sourceTree = "<group>"; };
		D791310628F7F9550074A5A0 /* ColorPickerRGBView.swift */ = {isa = PBXFileReference; lastKnownFileType = sourcecode.swift; path = ColorPickerRGBView.swift; sourceTree = "<group>"; };
		D791310828F7F9BC0074A5A0 /* ColorPickerOpacityView.swift */ = {isa = PBXFileReference; lastKnownFileType = sourcecode.swift; path = ColorPickerOpacityView.swift; sourceTree = "<group>"; };
		D791310A28F800A20074A5A0 /* ColorPickerColorsView.swift */ = {isa = PBXFileReference; lastKnownFileType = sourcecode.swift; path = ColorPickerColorsView.swift; sourceTree = "<group>"; };
		D791310C28F80C650074A5A0 /* ColorPickerSeparatorView.swift */ = {isa = PBXFileReference; lastKnownFileType = sourcecode.swift; path = ColorPickerSeparatorView.swift; sourceTree = "<group>"; };
		D791310E28F80CF90074A5A0 /* UIStackViewExtensions.swift */ = {isa = PBXFileReference; lastKnownFileType = sourcecode.swift; path = UIStackViewExtensions.swift; sourceTree = "<group>"; };
		D7B0C5412906C9E900EBA3ED /* CanvasView.swift */ = {isa = PBXFileReference; lastKnownFileType = sourcecode.swift; path = CanvasView.swift; sourceTree = "<group>"; };
		D7B0C5442906D7C900EBA3ED /* Line.swift */ = {isa = PBXFileReference; lastKnownFileType = sourcecode.swift; path = Line.swift; sourceTree = "<group>"; };
		D7B0C5462906D85900EBA3ED /* CGRectExtensions.swift */ = {isa = PBXFileReference; lastKnownFileType = sourcecode.swift; path = CGRectExtensions.swift; sourceTree = "<group>"; };
		D7B0C54A2906EBC700EBA3ED /* ShimmerButton.swift */ = {isa = PBXFileReference; lastKnownFileType = sourcecode.swift; path = ShimmerButton.swift; sourceTree = "<group>"; };
		D7B0C54C2907028300EBA3ED /* UIViewExtensions.swift */ = {isa = PBXFileReference; lastKnownFileType = sourcecode.swift; path = UIViewExtensions.swift; sourceTree = "<group>"; };
		D7B0C54F29070F6200EBA3ED /* PhotoZoomTransition.swift */ = {isa = PBXFileReference; lastKnownFileType = sourcecode.swift; path = PhotoZoomTransition.swift; sourceTree = "<group>"; };
		D7B0C55729071E2000EBA3ED /* PhotoZoomInAnimation.swift */ = {isa = PBXFileReference; lastKnownFileType = sourcecode.swift; path = PhotoZoomInAnimation.swift; sourceTree = "<group>"; };
		D7B0C55929071E2900EBA3ED /* PhotoZoomOutAnimation.swift */ = {isa = PBXFileReference; lastKnownFileType = sourcecode.swift; path = PhotoZoomOutAnimation.swift; sourceTree = "<group>"; };
/* End PBXFileReference section */

/* Begin PBXFrameworksBuildPhase section */
		D7389C6C28F33C5A00475B7D /* Frameworks */ = {
			isa = PBXFrameworksBuildPhase;
			buildActionMask = 2147483647;
			files = (
				D7389C8B28F3487800475B7D /* Lottie in Frameworks */,
			);
			runOnlyForDeploymentPostprocessing = 0;
		};
/* End PBXFrameworksBuildPhase section */

/* Begin PBXGroup section */
		7212E9BD28FD55E300AA6C00 /* ColorSlider */ = {
			isa = PBXGroup;
			children = (
				72C42C9E290147ED00823835 /* ColorSliderInputView */,
				72C42C9C2901468D00823835 /* ColorSliderTextField */,
				72C42C9D2901469900823835 /* ColorSliderView */,
				7212E9F628FF017300AA6C00 /* ColorSliderTrackView.swift */,
			);
			path = ColorSlider;
			sourceTree = "<group>";
		};
		7212E9BE28FD55ED00AA6C00 /* RGB */ = {
			isa = PBXGroup;
			children = (
				D791310628F7F9550074A5A0 /* ColorPickerRGBView.swift */,
				7212E9FA28FF536B00AA6C00 /* ColorCodeView.swift */,
				72C42CA92901D8F400823835 /* ColorCodeTextField */,
			);
			path = RGB;
			sourceTree = "<group>";
		};
		7212E9BF28FD58DE00AA6C00 /* Colors */ = {
			isa = PBXGroup;
			children = (
				D791310A28F800A20074A5A0 /* ColorPickerColorsView.swift */,
				7212E9C028FD590200AA6C00 /* ColorPreviewView.swift */,
				7212E9C428FD69B700AA6C00 /* ColorsView */,
			);
			path = Colors;
			sourceTree = "<group>";
		};
		7212E9C428FD69B700AA6C00 /* ColorsView */ = {
			isa = PBXGroup;
			children = (
				7212E9C228FD679C00AA6C00 /* ColorsView.swift */,
				7212E9CB28FDEB0C00AA6C00 /* ColorsDataSource.swift */,
				7212E9C528FD69DA00AA6C00 /* ColorCell.swift */,
				7212E9C728FD69E900AA6C00 /* AddColorCell.swift */,
			);
			path = ColorsView;
			sourceTree = "<group>";
		};
		7212E9F328FEDA6300AA6C00 /* Header */ = {
			isa = PBXGroup;
			children = (
				7212E9F428FEDA7200AA6C00 /* ColorPickerHeaderView.swift */,
			);
			path = Header;
			sourceTree = "<group>";
		};
		72C42C8C29000FD600823835 /* Helpers */ = {
			isa = PBXGroup;
			children = (
				D7B0C54E29070F4E00EBA3ED /* PhotoTransition */,
				7212E9F828FF44A200AA6C00 /* HSBColor.swift */,
				72C42C8A29000FD200823835 /* RGBColor.swift */,
				72C42CA1290149B400823835 /* Progress.swift */,
				72C42CB12903032300823835 /* TimingFunctions.swift */,
			);
			path = Helpers;
			sourceTree = "<group>";
		};
		72C42C9C2901468D00823835 /* ColorSliderTextField */ = {
			isa = PBXGroup;
			children = (
				72C42C982901457F00823835 /* ColorSliderTextField.swift */,
				72C42C9A2901468700823835 /* ColorSliderTextFieldModel.swift */,
			);
			path = ColorSliderTextField;
			sourceTree = "<group>";
		};
		72C42C9D2901469900823835 /* ColorSliderView */ = {
			isa = PBXGroup;
			children = (
				72C42C962900540000823835 /* ColorSliderView.swift */,
				72C42C8F290015AC00823835 /* ColorSliderModel.swift */,
			);
			path = ColorSliderView;
			sourceTree = "<group>";
		};
		72C42C9E290147ED00823835 /* ColorSliderInputView */ = {
			isa = PBXGroup;
			children = (
				D75F30EB28F9ECFA0080F208 /* ColorSliderInputView.swift */,
				72C42C9F290147FA00823835 /* ColorSliderInputModel.swift */,
			);
			path = ColorSliderInputView;
			sourceTree = "<group>";
		};
		72C42CA92901D8F400823835 /* ColorCodeTextField */ = {
			isa = PBXGroup;
			children = (
				72C42CA72901B80400823835 /* ColorCodeTextField.swift */,
				72C42CAA2901D90500823835 /* ColorCodeTextFieldModel.swift */,
			);
			path = ColorCodeTextField;
			sourceTree = "<group>";
		};
		72C42CB92905735300823835 /* EyeDropper */ = {
			isa = PBXGroup;
			children = (
				72C42CB7290565E500823835 /* EyeDropperColorPickerWindow.swift */,
				72C42CBA2905785600823835 /* ColorReticleView.swift */,
				72C42D1F2905EE4D00823835 /* ColorReticleStrokeView.swift */,
			);
			path = EyeDropper;
			sourceTree = "<group>";
		};
		D737484A2909CE2200675C7A /* EditingTools */ = {
			isa = PBXGroup;
			children = (
				D7389CC528F4B12E00475B7D /* Tools */,
				D7389CB528F47E7400475B7D /* EditingToolsView.swift */,
				D7389CDC28F5E9A400475B7D /* DrawingToolsPickerView.swift */,
				D737485D290AE43D00675C7A /* EditingToolsBottomView.swift */,
				D7374854290A93EA00675C7A /* BottomControlsView.swift */,
				D737484F290A90C000675C7A /* BottomToolSettingsView.swift */,
				72C42CB529036A7600823835 /* ColorsCircleView.swift */,
				D73748482909CDF600675C7A /* ToolSizeSlider.swift */,
				D7374852290A930D00675C7A /* TitleImageButton.swift */,
			);
			path = EditingTools;
			sourceTree = "<group>";
		};
		D7374856290A98C300675C7A /* Models */ = {
			isa = PBXGroup;
			children = (
				D7374859290A9AAA00675C7A /* Tool.swift */,
				D7374857290A98D500675C7A /* StrokeShape.swift */,
				D737485B290AA6EA00675C7A /* Shape.swift */,
			);
			path = Models;
			sourceTree = "<group>";
		};
		D7389C6628F33C5A00475B7D = {
			isa = PBXGroup;
			children = (
				D7389C7128F33C5A00475B7D /* TelegramMediaEditor */,
				D7389C7028F33C5A00475B7D /* Products */,
			);
			sourceTree = "<group>";
		};
		D7389C7028F33C5A00475B7D /* Products */ = {
			isa = PBXGroup;
			children = (
				D7389C6F28F33C5A00475B7D /* TelegramMediaEditor.app */,
			);
			name = Products;
			sourceTree = "<group>";
		};
		D7389C7128F33C5A00475B7D /* TelegramMediaEditor */ = {
			isa = PBXGroup;
			children = (
				D7389C7228F33C5A00475B7D /* AppDelegate.swift */,
				D7389C9228F35C4B00475B7D /* AppRouter.swift */,
				72C42D232906197B00823835 /* AppWindow.swift */,
				D7389C8828F345D500475B7D /* Screens */,
				D7374856290A98C300675C7A /* Models */,
				72C42C8C29000FD600823835 /* Helpers */,
				D7389CD128F5B3EE00475B7D /* Extensions */,
				D7389C8C28F3491000475B7D /* Resources */,
				D7389C8028F33C5C00475B7D /* Info.plist */,
			);
			path = TelegramMediaEditor;
			sourceTree = "<group>";
		};
		D7389C8828F345D500475B7D /* Screens */ = {
			isa = PBXGroup;
			children = (
				D7389C9F28F36F6200475B7D /* MediaAccess */,
				D7389CA028F36F6A00475B7D /* Photos */,
				D7389CB228F40CDE00475B7D /* PhotoEditor */,
				D79130FF28F7E91D0074A5A0 /* ColorPicker */,
				D79130FA28F733A20074A5A0 /* MenuPopover */,
			);
			path = Screens;
			sourceTree = "<group>";
		};
		D7389C8C28F3491000475B7D /* Resources */ = {
			isa = PBXGroup;
			children = (
				D73748472909BED900675C7A /* Playground.playground */,
				D7389C7D28F33C5C00475B7D /* LaunchScreen.storyboard */,
				D7389C7B28F33C5C00475B7D /* Assets.xcassets */,
				D7389C8D28F34BC000475B7D /* duck.json */,
			);
			path = Resources;
			sourceTree = "<group>";
		};
		D7389C9F28F36F6200475B7D /* MediaAccess */ = {
			isa = PBXGroup;
			children = (
				D7389C8628F345D100475B7D /* MediaAccessViewController.swift */,
				D7B0C54A2906EBC700EBA3ED /* ShimmerButton.swift */,
			);
			path = MediaAccess;
			sourceTree = "<group>";
		};
		D7389CA028F36F6A00475B7D /* Photos */ = {
			isa = PBXGroup;
			children = (
				D7389C9428F3627B00475B7D /* PhotosViewController.swift */,
				D7389CA128F36F9800475B7D /* PhotoCell.swift */,
			);
			path = Photos;
			sourceTree = "<group>";
		};
		D7389CB228F40CDE00475B7D /* PhotoEditor */ = {
			isa = PBXGroup;
			children = (
				D7389CB328F40CFA00475B7D /* PhotoEditorViewController.swift */,
				D7389CC628F4B14A00475B7D /* Views */,
			);
			path = PhotoEditor;
			sourceTree = "<group>";
		};
		D7389CC528F4B12E00475B7D /* Tools */ = {
			isa = PBXGroup;
			children = (
				D7389CB928F4AF2E00475B7D /* PenView.swift */,
				D7389CBB28F4AF5E00475B7D /* BrushView.swift */,
				D7389CC328F4B0BA00475B7D /* NeonBrushView.swift */,
				D7389CBF28F4AFB600475B7D /* PencilView.swift */,
				D7389CC128F4AFEC00475B7D /* LassoView.swift */,
				D7389CBD28F4AF9A00475B7D /* EraserView.swift */,
			);
			path = Tools;
			sourceTree = "<group>";
		};
		D7389CC628F4B14A00475B7D /* Views */ = {
			isa = PBXGroup;
			children = (
				D7B0C5432906D7BF00EBA3ED /* CanvasView */,
				D737484A2909CE2200675C7A /* EditingTools */,
			);
			path = Views;
			sourceTree = "<group>";
		};
		D7389CD128F5B3EE00475B7D /* Extensions */ = {
			isa = PBXGroup;
			children = (
				72C42C9229002EB200823835 /* CGPointExtensions.swift */,
				D7B0C5462906D85900EBA3ED /* CGRectExtensions.swift */,
				72C42C9429002EBA00823835 /* CGSizeExtensions.swift */,
				D79130F828F72C4F0074A5A0 /* Closure.swift */,
				7212E9FC28FF5D1E00AA6C00 /* ComparableExtensions.swift */,
				D7389CD228F5B3FF00475B7D /* NSLayoutConstraintExtensions.swift */,
				D791310E28F80CF90074A5A0 /* UIStackViewExtensions.swift */,
				7212E9C928FD924300AA6C00 /* UICollectionViewExtensions.swift */,
				72C42C8D2900107200823835 /* UIColorExtensions.swift */,
				D7B0C54C2907028300EBA3ED /* UIViewExtensions.swift */,
				72C42CBE29058E7200823835 /* UIWindowExtensions.swift */,
				72C42CBC2905858C00823835 /* UIWindowSceneExtensions.swift */,
			);
			path = Extensions;
			sourceTree = "<group>";
		};
		D75F30F328FA0B1B0080F208 /* Grid */ = {
			isa = PBXGroup;
			children = (
				D791310228F7F85E0074A5A0 /* ColorPickerGridView.swift */,
				D75F30EF28FA026E0080F208 /* ColorGridView.swift */,
				72C42CB329034F2900823835 /* ColorGridCursorView.swift */,
			);
			path = Grid;
			sourceTree = "<group>";
		};
		D75F30F428FA0B220080F208 /* Views */ = {
			isa = PBXGroup;
			children = (
				72C42CB92905735300823835 /* EyeDropper */,
				7212E9F328FEDA6300AA6C00 /* Header */,
				D75F30F328FA0B1B0080F208 /* Grid */,
				D75F30F528FA0B380080F208 /* Spectrum */,
				7212E9BE28FD55ED00AA6C00 /* RGB */,
				7212E9BF28FD58DE00AA6C00 /* Colors */,
				7212E9BD28FD55E300AA6C00 /* ColorSlider */,
				D791310828F7F9BC0074A5A0 /* ColorPickerOpacityView.swift */,
				D791310C28F80C650074A5A0 /* ColorPickerSeparatorView.swift */,
				D75F30ED28F9ED0C0080F208 /* ColorSliderCursorView.swift */,
				72C42CA52901B2F600823835 /* PaddedTextField.swift */,
			);
			path = Views;
			sourceTree = "<group>";
		};
		D75F30F528FA0B380080F208 /* Spectrum */ = {
			isa = PBXGroup;
			children = (
				D791310428F7F94B0074A5A0 /* ColorPickerSpectrumView.swift */,
				D75F30F128FA09F20080F208 /* ColorSpectrumView.swift */,
			);
			path = Spectrum;
			sourceTree = "<group>";
		};
		D79130FA28F733A20074A5A0 /* MenuPopover */ = {
			isa = PBXGroup;
			children = (
				D79130FB28F733B90074A5A0 /* MenuPopoverViewController.swift */,
				D79130FD28F74EFB0074A5A0 /* MenuPopoverItemView.swift */,
			);
			path = MenuPopover;
			sourceTree = "<group>";
		};
		D79130FF28F7E91D0074A5A0 /* ColorPicker */ = {
			isa = PBXGroup;
			children = (
				D791310028F7E9380074A5A0 /* ColorPickerViewController.swift */,
				D75F30F428FA0B220080F208 /* Views */,
			);
			path = ColorPicker;
			sourceTree = "<group>";
		};
		D7B0C5432906D7BF00EBA3ED /* CanvasView */ = {
			isa = PBXGroup;
			children = (
				D7B0C5412906C9E900EBA3ED /* CanvasView.swift */,
				D7B0C5442906D7C900EBA3ED /* Line.swift */,
			);
			path = CanvasView;
			sourceTree = "<group>";
		};
		D7B0C54E29070F4E00EBA3ED /* PhotoTransition */ = {
			isa = PBXGroup;
			children = (
				D7B0C54F29070F6200EBA3ED /* PhotoZoomTransition.swift */,
				D7B0C55729071E2000EBA3ED /* PhotoZoomInAnimation.swift */,
				D7B0C55929071E2900EBA3ED /* PhotoZoomOutAnimation.swift */,
			);
			path = PhotoTransition;
			sourceTree = "<group>";
		};
/* End PBXGroup section */

/* Begin PBXNativeTarget section */
		D7389C6E28F33C5A00475B7D /* TelegramMediaEditor */ = {
			isa = PBXNativeTarget;
			buildConfigurationList = D7389C8328F33C5C00475B7D /* Build configuration list for PBXNativeTarget "TelegramMediaEditor" */;
			buildPhases = (
				D7389C6B28F33C5A00475B7D /* Sources */,
				D7389C6C28F33C5A00475B7D /* Frameworks */,
				D7389C6D28F33C5A00475B7D /* Resources */,
			);
			buildRules = (
			);
			dependencies = (
			);
			name = TelegramMediaEditor;
			packageProductDependencies = (
				D7389C8A28F3487800475B7D /* Lottie */,
			);
			productName = TelegramMediaEditor;
			productReference = D7389C6F28F33C5A00475B7D /* TelegramMediaEditor.app */;
			productType = "com.apple.product-type.application";
		};
/* End PBXNativeTarget section */

/* Begin PBXProject section */
		D7389C6728F33C5A00475B7D /* Project object */ = {
			isa = PBXProject;
			attributes = {
				BuildIndependentTargetsInParallel = 1;
				LastSwiftUpdateCheck = 1330;
				LastUpgradeCheck = 1330;
				TargetAttributes = {
					D7389C6E28F33C5A00475B7D = {
						CreatedOnToolsVersion = 13.3.1;
					};
				};
			};
			buildConfigurationList = D7389C6A28F33C5A00475B7D /* Build configuration list for PBXProject "TelegramMediaEditor" */;
			compatibilityVersion = "Xcode 13.0";
			developmentRegion = en;
			hasScannedForEncodings = 0;
			knownRegions = (
				en,
				Base,
			);
			mainGroup = D7389C6628F33C5A00475B7D;
			packageReferences = (
				D7389C8928F3487800475B7D /* XCRemoteSwiftPackageReference "lottie-ios" */,
			);
			productRefGroup = D7389C7028F33C5A00475B7D /* Products */;
			projectDirPath = "";
			projectRoot = "";
			targets = (
				D7389C6E28F33C5A00475B7D /* TelegramMediaEditor */,
			);
		};
/* End PBXProject section */

/* Begin PBXResourcesBuildPhase section */
		D7389C6D28F33C5A00475B7D /* Resources */ = {
			isa = PBXResourcesBuildPhase;
			buildActionMask = 2147483647;
			files = (
				D7389C7F28F33C5C00475B7D /* LaunchScreen.storyboard in Resources */,
				D7389C8E28F34BC000475B7D /* duck.json in Resources */,
				D7389C7C28F33C5C00475B7D /* Assets.xcassets in Resources */,
			);
			runOnlyForDeploymentPostprocessing = 0;
		};
/* End PBXResourcesBuildPhase section */

/* Begin PBXSourcesBuildPhase section */
		D7389C6B28F33C5A00475B7D /* Sources */ = {
			isa = PBXSourcesBuildPhase;
			buildActionMask = 2147483647;
			files = (
				72C42C992901457F00823835 /* ColorSliderTextField.swift in Sources */,
				D791310B28F800A20074A5A0 /* ColorPickerColorsView.swift in Sources */,
				72C42C8B29000FD200823835 /* RGBColor.swift in Sources */,
				D737485A290A9AAA00675C7A /* Tool.swift in Sources */,
				72C42CB22903032300823835 /* TimingFunctions.swift in Sources */,
				72C42CBF29058E7200823835 /* UIWindowExtensions.swift in Sources */,
				72C42CBB2905785600823835 /* ColorReticleView.swift in Sources */,
				7212E9C828FD69E900AA6C00 /* AddColorCell.swift in Sources */,
				D79130FC28F733B90074A5A0 /* MenuPopoverViewController.swift in Sources */,
				D791310D28F80C650074A5A0 /* ColorPickerSeparatorView.swift in Sources */,
				D791310528F7F94B0074A5A0 /* ColorPickerSpectrumView.swift in Sources */,
				D7389C9328F35C4B00475B7D /* AppRouter.swift in Sources */,
				D7B0C55029070F6200EBA3ED /* PhotoZoomTransition.swift in Sources */,
				72C42C9329002EB200823835 /* CGPointExtensions.swift in Sources */,
				72C42CB429034F2900823835 /* ColorGridCursorView.swift in Sources */,
				7212E9C128FD590200AA6C00 /* ColorPreviewView.swift in Sources */,
				D7B0C54D2907028300EBA3ED /* UIViewExtensions.swift in Sources */,
				D7389CA228F36F9800475B7D /* PhotoCell.swift in Sources */,
				D7389CBC28F4AF5E00475B7D /* BrushView.swift in Sources */,
				D737485C290AA6EA00675C7A /* Shape.swift in Sources */,
				7212E9F728FF017300AA6C00 /* ColorSliderTrackView.swift in Sources */,
				D791310728F7F9550074A5A0 /* ColorPickerRGBView.swift in Sources */,
				7212E9FD28FF5D1E00AA6C00 /* ComparableExtensions.swift in Sources */,
				72C42D242906197B00823835 /* AppWindow.swift in Sources */,
				D737485E290AE43D00675C7A /* EditingToolsBottomView.swift in Sources */,
				7212E9CA28FD924300AA6C00 /* UICollectionViewExtensions.swift in Sources */,
				D7389CC228F4AFEC00475B7D /* LassoView.swift in Sources */,
				D75F30EE28F9ED0C0080F208 /* ColorSliderCursorView.swift in Sources */,
				D7374858290A98D500675C7A /* StrokeShape.swift in Sources */,
				7212E9C628FD69DA00AA6C00 /* ColorCell.swift in Sources */,
				D7374853290A930D00675C7A /* TitleImageButton.swift in Sources */,
				D7389CC428F4B0BA00475B7D /* NeonBrushView.swift in Sources */,
				72C42CA82901B80400823835 /* ColorCodeTextField.swift in Sources */,
				D75F30EC28F9ECFA0080F208 /* ColorSliderInputView.swift in Sources */,
				72C42CAB2901D90500823835 /* ColorCodeTextFieldModel.swift in Sources */,
				72C42C972900540000823835 /* ColorSliderView.swift in Sources */,
				D791310328F7F85E0074A5A0 /* ColorPickerGridView.swift in Sources */,
				D791310F28F80CF90074A5A0 /* UIStackViewExtensions.swift in Sources */,
				7212E9FB28FF536B00AA6C00 /* ColorCodeView.swift in Sources */,
				D79130F928F72C4F0074A5A0 /* Closure.swift in Sources */,
				D7B0C55A29071E2900EBA3ED /* PhotoZoomOutAnimation.swift in Sources */,
				D7389CB428F40CFA00475B7D /* PhotoEditorViewController.swift in Sources */,
				D7B0C5422906C9E900EBA3ED /* CanvasView.swift in Sources */,
				D7389C9528F3627B00475B7D /* PhotosViewController.swift in Sources */,
				72C42C90290015AC00823835 /* ColorSliderModel.swift in Sources */,
				D75F30F228FA09F20080F208 /* ColorSpectrumView.swift in Sources */,
				7212E9CC28FDEB0C00AA6C00 /* ColorsDataSource.swift in Sources */,
				72C42CA0290147FA00823835 /* ColorSliderInputModel.swift in Sources */,
				D7374855290A93EA00675C7A /* BottomControlsView.swift in Sources */,
				7212E9F928FF44A200AA6C00 /* HSBColor.swift in Sources */,
				7212E9F528FEDA7200AA6C00 /* ColorPickerHeaderView.swift in Sources */,
				D7389C8728F345D100475B7D /* MediaAccessViewController.swift in Sources */,
				72C42C9529002EBA00823835 /* CGSizeExtensions.swift in Sources */,
				D7389CB628F47E7400475B7D /* EditingToolsView.swift in Sources */,
				D7389CBA28F4AF2E00475B7D /* PenView.swift in Sources */,
				D7389CC028F4AFB600475B7D /* PencilView.swift in Sources */,
				D7B0C54B2906EBC700EBA3ED /* ShimmerButton.swift in Sources */,
				D791310128F7E9380074A5A0 /* ColorPickerViewController.swift in Sources */,
				72C42C9B2901468700823835 /* ColorSliderTextFieldModel.swift in Sources */,
				D7B0C5472906D85900EBA3ED /* CGRectExtensions.swift in Sources */,
				7212E9C328FD679C00AA6C00 /* ColorsView.swift in Sources */,
				72C42CA2290149B400823835 /* Progress.swift in Sources */,
				72C42D202905EE4D00823835 /* ColorReticleStrokeView.swift in Sources */,
				72C42CA62901B2F600823835 /* PaddedTextField.swift in Sources */,
				D7389CBE28F4AF9A00475B7D /* EraserView.swift in Sources */,
				72C42CB629036A7600823835 /* ColorsCircleView.swift in Sources */,
				D7B0C55829071E2000EBA3ED /* PhotoZoomInAnimation.swift in Sources */,
				72C42CB8290565E500823835 /* EyeDropperColorPickerWindow.swift in Sources */,
				72C42C8E2900107200823835 /* UIColorExtensions.swift in Sources */,
				D7389C7328F33C5A00475B7D /* AppDelegate.swift in Sources */,
				D7389CDD28F5E9A400475B7D /* DrawingToolsPickerView.swift in Sources */,
				D7B0C5452906D7C900EBA3ED /* Line.swift in Sources */,
				D791310928F7F9BC0074A5A0 /* ColorPickerOpacityView.swift in Sources */,
				D73748492909CDF600675C7A /* ToolSizeSlider.swift in Sources */,
				72C42CBD2905858C00823835 /* UIWindowSceneExtensions.swift in Sources */,
				D7374850290A90C000675C7A /* BottomToolSettingsView.swift in Sources */,
				D79130FE28F74EFB0074A5A0 /* MenuPopoverItemView.swift in Sources */,
				D75F30F028FA026E0080F208 /* ColorGridView.swift in Sources */,
				D7389CD328F5B3FF00475B7D /* NSLayoutConstraintExtensions.swift in Sources */,
			);
			runOnlyForDeploymentPostprocessing = 0;
		};
/* End PBXSourcesBuildPhase section */

/* Begin PBXVariantGroup section */
		D7389C7D28F33C5C00475B7D /* LaunchScreen.storyboard */ = {
			isa = PBXVariantGroup;
			children = (
				D7389C7E28F33C5C00475B7D /* Base */,
			);
			name = LaunchScreen.storyboard;
			sourceTree = "<group>";
		};
/* End PBXVariantGroup section */

/* Begin XCBuildConfiguration section */
		D7389C8128F33C5C00475B7D /* Debug */ = {
			isa = XCBuildConfiguration;
			buildSettings = {
				ALWAYS_SEARCH_USER_PATHS = NO;
				CLANG_ANALYZER_NONNULL = YES;
				CLANG_ANALYZER_NUMBER_OBJECT_CONVERSION = YES_AGGRESSIVE;
				CLANG_CXX_LANGUAGE_STANDARD = "gnu++17";
				CLANG_ENABLE_MODULES = YES;
				CLANG_ENABLE_OBJC_ARC = YES;
				CLANG_ENABLE_OBJC_WEAK = YES;
				CLANG_WARN_BLOCK_CAPTURE_AUTORELEASING = YES;
				CLANG_WARN_BOOL_CONVERSION = YES;
				CLANG_WARN_COMMA = YES;
				CLANG_WARN_CONSTANT_CONVERSION = YES;
				CLANG_WARN_DEPRECATED_OBJC_IMPLEMENTATIONS = YES;
				CLANG_WARN_DIRECT_OBJC_ISA_USAGE = YES_ERROR;
				CLANG_WARN_DOCUMENTATION_COMMENTS = YES;
				CLANG_WARN_EMPTY_BODY = YES;
				CLANG_WARN_ENUM_CONVERSION = YES;
				CLANG_WARN_INFINITE_RECURSION = YES;
				CLANG_WARN_INT_CONVERSION = YES;
				CLANG_WARN_NON_LITERAL_NULL_CONVERSION = YES;
				CLANG_WARN_OBJC_IMPLICIT_RETAIN_SELF = YES;
				CLANG_WARN_OBJC_LITERAL_CONVERSION = YES;
				CLANG_WARN_OBJC_ROOT_CLASS = YES_ERROR;
				CLANG_WARN_QUOTED_INCLUDE_IN_FRAMEWORK_HEADER = YES;
				CLANG_WARN_RANGE_LOOP_ANALYSIS = YES;
				CLANG_WARN_STRICT_PROTOTYPES = YES;
				CLANG_WARN_SUSPICIOUS_MOVE = YES;
				CLANG_WARN_UNGUARDED_AVAILABILITY = YES_AGGRESSIVE;
				CLANG_WARN_UNREACHABLE_CODE = YES;
				CLANG_WARN__DUPLICATE_METHOD_MATCH = YES;
				COPY_PHASE_STRIP = NO;
				DEBUG_INFORMATION_FORMAT = dwarf;
				ENABLE_STRICT_OBJC_MSGSEND = YES;
				ENABLE_TESTABILITY = YES;
				GCC_C_LANGUAGE_STANDARD = gnu11;
				GCC_DYNAMIC_NO_PIC = NO;
				GCC_NO_COMMON_BLOCKS = YES;
				GCC_OPTIMIZATION_LEVEL = 0;
				GCC_PREPROCESSOR_DEFINITIONS = (
					"DEBUG=1",
					"$(inherited)",
				);
				GCC_WARN_64_TO_32_BIT_CONVERSION = YES;
				GCC_WARN_ABOUT_RETURN_TYPE = YES_ERROR;
				GCC_WARN_UNDECLARED_SELECTOR = YES;
				GCC_WARN_UNINITIALIZED_AUTOS = YES_AGGRESSIVE;
				GCC_WARN_UNUSED_FUNCTION = YES;
				GCC_WARN_UNUSED_VARIABLE = YES;
				IPHONEOS_DEPLOYMENT_TARGET = 15.4;
				MTL_ENABLE_DEBUG_INFO = INCLUDE_SOURCE;
				MTL_FAST_MATH = YES;
				ONLY_ACTIVE_ARCH = YES;
				SDKROOT = iphoneos;
				SWIFT_ACTIVE_COMPILATION_CONDITIONS = DEBUG;
				SWIFT_OPTIMIZATION_LEVEL = "-Onone";
			};
			name = Debug;
		};
		D7389C8228F33C5C00475B7D /* Release */ = {
			isa = XCBuildConfiguration;
			buildSettings = {
				ALWAYS_SEARCH_USER_PATHS = NO;
				CLANG_ANALYZER_NONNULL = YES;
				CLANG_ANALYZER_NUMBER_OBJECT_CONVERSION = YES_AGGRESSIVE;
				CLANG_CXX_LANGUAGE_STANDARD = "gnu++17";
				CLANG_ENABLE_MODULES = YES;
				CLANG_ENABLE_OBJC_ARC = YES;
				CLANG_ENABLE_OBJC_WEAK = YES;
				CLANG_WARN_BLOCK_CAPTURE_AUTORELEASING = YES;
				CLANG_WARN_BOOL_CONVERSION = YES;
				CLANG_WARN_COMMA = YES;
				CLANG_WARN_CONSTANT_CONVERSION = YES;
				CLANG_WARN_DEPRECATED_OBJC_IMPLEMENTATIONS = YES;
				CLANG_WARN_DIRECT_OBJC_ISA_USAGE = YES_ERROR;
				CLANG_WARN_DOCUMENTATION_COMMENTS = YES;
				CLANG_WARN_EMPTY_BODY = YES;
				CLANG_WARN_ENUM_CONVERSION = YES;
				CLANG_WARN_INFINITE_RECURSION = YES;
				CLANG_WARN_INT_CONVERSION = YES;
				CLANG_WARN_NON_LITERAL_NULL_CONVERSION = YES;
				CLANG_WARN_OBJC_IMPLICIT_RETAIN_SELF = YES;
				CLANG_WARN_OBJC_LITERAL_CONVERSION = YES;
				CLANG_WARN_OBJC_ROOT_CLASS = YES_ERROR;
				CLANG_WARN_QUOTED_INCLUDE_IN_FRAMEWORK_HEADER = YES;
				CLANG_WARN_RANGE_LOOP_ANALYSIS = YES;
				CLANG_WARN_STRICT_PROTOTYPES = YES;
				CLANG_WARN_SUSPICIOUS_MOVE = YES;
				CLANG_WARN_UNGUARDED_AVAILABILITY = YES_AGGRESSIVE;
				CLANG_WARN_UNREACHABLE_CODE = YES;
				CLANG_WARN__DUPLICATE_METHOD_MATCH = YES;
				COPY_PHASE_STRIP = NO;
				DEBUG_INFORMATION_FORMAT = "dwarf-with-dsym";
				ENABLE_NS_ASSERTIONS = NO;
				ENABLE_STRICT_OBJC_MSGSEND = YES;
				GCC_C_LANGUAGE_STANDARD = gnu11;
				GCC_NO_COMMON_BLOCKS = YES;
				GCC_WARN_64_TO_32_BIT_CONVERSION = YES;
				GCC_WARN_ABOUT_RETURN_TYPE = YES_ERROR;
				GCC_WARN_UNDECLARED_SELECTOR = YES;
				GCC_WARN_UNINITIALIZED_AUTOS = YES_AGGRESSIVE;
				GCC_WARN_UNUSED_FUNCTION = YES;
				GCC_WARN_UNUSED_VARIABLE = YES;
				IPHONEOS_DEPLOYMENT_TARGET = 15.4;
				MTL_ENABLE_DEBUG_INFO = NO;
				MTL_FAST_MATH = YES;
				SDKROOT = iphoneos;
				SWIFT_COMPILATION_MODE = wholemodule;
				SWIFT_OPTIMIZATION_LEVEL = "-O";
				VALIDATE_PRODUCT = YES;
			};
			name = Release;
		};
		D7389C8428F33C5C00475B7D /* Debug */ = {
			isa = XCBuildConfiguration;
			buildSettings = {
				ASSETCATALOG_COMPILER_APPICON_NAME = AppIcon;
				ASSETCATALOG_COMPILER_GLOBAL_ACCENT_COLOR_NAME = AccentColor;
				CODE_SIGN_STYLE = Automatic;
				CURRENT_PROJECT_VERSION = 1;
				DEVELOPMENT_TEAM = 2A9T46XUDR;
				GENERATE_INFOPLIST_FILE = YES;
				INFOPLIST_FILE = TelegramMediaEditor/Info.plist;
				INFOPLIST_KEY_NSPhotoLibraryUsageDescription = "This app requires access to photo library";
				INFOPLIST_KEY_UIApplicationSupportsIndirectInputEvents = YES;
				INFOPLIST_KEY_UILaunchStoryboardName = LaunchScreen;
				INFOPLIST_KEY_UISupportedInterfaceOrientations = UIInterfaceOrientationPortrait;
				INFOPLIST_KEY_UISupportedInterfaceOrientations_iPad = "UIInterfaceOrientationPortrait UIInterfaceOrientationPortraitUpsideDown UIInterfaceOrientationLandscapeLeft UIInterfaceOrientationLandscapeRight";
				INFOPLIST_KEY_UISupportedInterfaceOrientations_iPhone = "UIInterfaceOrientationPortrait UIInterfaceOrientationLandscapeLeft UIInterfaceOrientationLandscapeRight";
				INFOPLIST_KEY_UIUserInterfaceStyle = Dark;
				IPHONEOS_DEPLOYMENT_TARGET = 13.0;
				LD_RUNPATH_SEARCH_PATHS = (
					"$(inherited)",
					"@executable_path/Frameworks",
				);
				MARKETING_VERSION = 1.0;
				PRODUCT_BUNDLE_IDENTIFIER = karonchyk.TelegramMediaEditor;
				PRODUCT_NAME = "$(TARGET_NAME)";
				SWIFT_EMIT_LOC_STRINGS = YES;
				SWIFT_VERSION = 5.0;
				TARGETED_DEVICE_FAMILY = "1,2";
			};
			name = Debug;
		};
		D7389C8528F33C5C00475B7D /* Release */ = {
			isa = XCBuildConfiguration;
			buildSettings = {
				ASSETCATALOG_COMPILER_APPICON_NAME = AppIcon;
				ASSETCATALOG_COMPILER_GLOBAL_ACCENT_COLOR_NAME = AccentColor;
				CODE_SIGN_STYLE = Automatic;
				CURRENT_PROJECT_VERSION = 1;
				DEVELOPMENT_TEAM = 2A9T46XUDR;
				GENERATE_INFOPLIST_FILE = YES;
				INFOPLIST_FILE = TelegramMediaEditor/Info.plist;
				INFOPLIST_KEY_NSPhotoLibraryUsageDescription = "This app requires access to photo library";
				INFOPLIST_KEY_UIApplicationSupportsIndirectInputEvents = YES;
				INFOPLIST_KEY_UILaunchStoryboardName = LaunchScreen;
				INFOPLIST_KEY_UISupportedInterfaceOrientations = UIInterfaceOrientationPortrait;
				INFOPLIST_KEY_UISupportedInterfaceOrientations_iPad = "UIInterfaceOrientationPortrait UIInterfaceOrientationPortraitUpsideDown UIInterfaceOrientationLandscapeLeft UIInterfaceOrientationLandscapeRight";
				INFOPLIST_KEY_UISupportedInterfaceOrientations_iPhone = "UIInterfaceOrientationPortrait UIInterfaceOrientationLandscapeLeft UIInterfaceOrientationLandscapeRight";
				INFOPLIST_KEY_UIUserInterfaceStyle = Dark;
				IPHONEOS_DEPLOYMENT_TARGET = 13.0;
				LD_RUNPATH_SEARCH_PATHS = (
					"$(inherited)",
					"@executable_path/Frameworks",
				);
				MARKETING_VERSION = 1.0;
				PRODUCT_BUNDLE_IDENTIFIER = karonchyk.TelegramMediaEditor;
				PRODUCT_NAME = "$(TARGET_NAME)";
				SWIFT_EMIT_LOC_STRINGS = YES;
				SWIFT_VERSION = 5.0;
				TARGETED_DEVICE_FAMILY = "1,2";
			};
			name = Release;
		};
/* End XCBuildConfiguration section */

/* Begin XCConfigurationList section */
		D7389C6A28F33C5A00475B7D /* Build configuration list for PBXProject "TelegramMediaEditor" */ = {
			isa = XCConfigurationList;
			buildConfigurations = (
				D7389C8128F33C5C00475B7D /* Debug */,
				D7389C8228F33C5C00475B7D /* Release */,
			);
			defaultConfigurationIsVisible = 0;
			defaultConfigurationName = Release;
		};
		D7389C8328F33C5C00475B7D /* Build configuration list for PBXNativeTarget "TelegramMediaEditor" */ = {
			isa = XCConfigurationList;
			buildConfigurations = (
				D7389C8428F33C5C00475B7D /* Debug */,
				D7389C8528F33C5C00475B7D /* Release */,
			);
			defaultConfigurationIsVisible = 0;
			defaultConfigurationName = Release;
		};
/* End XCConfigurationList section */

/* Begin XCRemoteSwiftPackageReference section */
		D7389C8928F3487800475B7D /* XCRemoteSwiftPackageReference "lottie-ios" */ = {
			isa = XCRemoteSwiftPackageReference;
			repositoryURL = "https://github.com/airbnb/lottie-ios.git";
			requirement = {
				kind = upToNextMinorVersion;
				minimumVersion = 3.4.0;
			};
		};
/* End XCRemoteSwiftPackageReference section */

/* Begin XCSwiftPackageProductDependency section */
		D7389C8A28F3487800475B7D /* Lottie */ = {
			isa = XCSwiftPackageProductDependency;
			package = D7389C8928F3487800475B7D /* XCRemoteSwiftPackageReference "lottie-ios" */;
			productName = Lottie;
		};
/* End XCSwiftPackageProductDependency section */
	};
	rootObject = D7389C6728F33C5A00475B7D /* Project object */;
}
